
Microsoft Visual Studio Solution File, Format Version 12.00
# Visual Studio Version 17
VisualStudioVersion = 17.8.34511.84
MinimumVisualStudioVersion = 10.0.40219.1
Project("{FAE04EC0-301F-11D3-BF4B-00C04F79EFBC}") = "Online Store Managment", "Online Store Managment\Online Store Managment.csproj", "{3C211EFB-7139-4F70-9E7A-411511F71CA8}"
EndProject
Global
	GlobalSection(SolutionConfigurationPlatforms) = preSolution
		Debug|Any CPU = Debug|Any CPU
		Release|Any CPU = Release|Any CPU
	EndGlobalSection
	GlobalSection(ProjectConfigurationPlatforms) = postSolution
		{3C211EFB-7139-4F70-9E7A-411511F71CA8}.Debug|Any CPU.ActiveCfg = Debug|Any CPU
		{3C211EFB-7139-4F70-9E7A-411511F71CA8}.Debug|Any CPU.Build.0 = Debug|Any CPU
		{3C211EFB-7139-4F70-9E7A-411511F71CA8}.Release|Any CPU.ActiveCfg = Release|Any CPU
		{3C211EFB-7139-4F70-9E7A-411511F71CA8}.Release|Any CPU.Build.0 = Release|Any CPU
	EndGlobalSection
	GlobalSection(SolutionProperties) = preSolution
		HideSolutionNode = FALSE
	EndGlobalSection
	GlobalSection(ExtensibilityGlobals) = postSolution
		SolutionGuid = {7BB185BB-D2E2-49E4-8D76-9482B253D094}
	EndGlobalSection
EndGlobal
